// !$*UTF8*$!
{
	archiveVersion = 1;
	classes = {
	};
	objectVersion = 46;
	objects = {

/* Begin PBXBuildFile section */
		9F9F7EBE1A14D2A400169BC0 /* AppDelegate.swift in Sources */ = {isa = PBXBuildFile; fileRef = 9F9F7EBD1A14D2A400169BC0 /* AppDelegate.swift */; };
		9F9F7EC01A14D2A400169BC0 /* ViewController.swift in Sources */ = {isa = PBXBuildFile; fileRef = 9F9F7EBF1A14D2A400169BC0 /* ViewController.swift */; };
		9F9F7EC31A14D2A400169BC0 /* Main.storyboard in Resources */ = {isa = PBXBuildFile; fileRef = 9F9F7EC11A14D2A400169BC0 /* Main.storyboard */; };
		9F9F7EC51A14D2A400169BC0 /* Images.xcassets in Resources */ = {isa = PBXBuildFile; fileRef = 9F9F7EC41A14D2A400169BC0 /* Images.xcassets */; };
		9F9F7EC81A14D2A400169BC0 /* LaunchScreen.xib in Resources */ = {isa = PBXBuildFile; fileRef = 9F9F7EC61A14D2A400169BC0 /* LaunchScreen.xib */; };
		9F9F7ED41A14D2A500169BC0 /* Taskmate_alphaTests.swift in Sources */ = {isa = PBXBuildFile; fileRef = 9F9F7ED31A14D2A500169BC0 /* Taskmate_alphaTests.swift */; };
/* End PBXBuildFile section */

/* Begin PBXContainerItemProxy section */
		9F9F7ECE1A14D2A500169BC0 /* PBXContainerItemProxy */ = {
			isa = PBXContainerItemProxy;
			containerPortal = 9F9F7EB01A14D2A400169BC0 /* Project object */;
			proxyType = 1;
			remoteGlobalIDString = 9F9F7EB71A14D2A400169BC0;
			remoteInfo = Taskmate_alpha;
		};
/* End PBXContainerItemProxy section */

/* Begin PBXFileReference section */
		9F9F7EB81A14D2A400169BC0 /* Taskmate_alpha.app */ = {isa = PBXFileReference; explicitFileType = wrapper.application; includeInIndex = 0; path = Taskmate_alpha.app; sourceTree = BUILT_PRODUCTS_DIR; };
		9F9F7EBC1A14D2A400169BC0 /* Info.plist */ = {isa = PBXFileReference; lastKnownFileType = text.plist.xml; path = Info.plist; sourceTree = "<group>"; };
		9F9F7EBD1A14D2A400169BC0 /* AppDelegate.swift */ = {isa = PBXFileReference; lastKnownFileType = sourcecode.swift; path = AppDelegate.swift; sourceTree = "<group>"; };
		9F9F7EBF1A14D2A400169BC0 /* ViewController.swift */ = {isa = PBXFileReference; lastKnownFileType = sourcecode.swift; path = ViewController.swift; sourceTree = "<group>"; };
		9F9F7EC21A14D2A400169BC0 /* Base */ = {isa = PBXFileReference; lastKnownFileType = file.storyboard; name = Base; path = Base.lproj/Main.storyboard; sourceTree = "<group>"; };
		9F9F7EC41A14D2A400169BC0 /* Images.xcassets */ = {isa = PBXFileReference; lastKnownFileType = folder.assetcatalog; path = Images.xcassets; sourceTree = "<group>"; };
		9F9F7EC71A14D2A400169BC0 /* Base */ = {isa = PBXFileReference; lastKnownFileType = file.xib; name = Base; path = Base.lproj/LaunchScreen.xib; sourceTree = "<group>"; };
		9F9F7ECD1A14D2A500169BC0 /* Taskmate_alphaTests.xctest */ = {isa = PBXFileReference; explicitFileType = wrapper.cfbundle; includeInIndex = 0; path = Taskmate_alphaTests.xctest; sourceTree = BUILT_PRODUCTS_DIR; };
		9F9F7ED21A14D2A500169BC0 /* Info.plist */ = {isa = PBXFileReference; lastKnownFileType = text.plist.xml; path = Info.plist; sourceTree = "<group>"; };
		9F9F7ED31A14D2A500169BC0 /* Taskmate_alphaTests.swift */ = {isa = PBXFileReference; lastKnownFileType = sourcecode.swift; path = Taskmate_alphaTests.swift; sourceTree = "<group>"; };
/* End PBXFileReference section */

/* Begin PBXFrameworksBuildPhase section */
		9F9F7EB51A14D2A400169BC0 /* Frameworks */ = {
			isa = PBXFrameworksBuildPhase;
			buildActionMask = 2147483647;
			files = (
			);
			runOnlyForDeploymentPostprocessing = 0;
		};
		9F9F7ECA1A14D2A500169BC0 /* Frameworks */ = {
			isa = PBXFrameworksBuildPhase;
			buildActionMask = 2147483647;
			files = (
			);
			runOnlyForDeploymentPostprocessing = 0;
		};
/* End PBXFrameworksBuildPhase section */

/* Begin PBXGroup section */
		9F9F7EAF1A14D2A400169BC0 = {
			isa = PBXGroup;
			children = (
				9F9F7EBA1A14D2A400169BC0 /* Taskmate_alpha */,
				9F9F7ED01A14D2A500169BC0 /* Taskmate_alphaTests */,
				9F9F7EB91A14D2A400169BC0 /* Products */,
			);
			sourceTree = "<group>";
		};
		9F9F7EB91A14D2A400169BC0 /* Products */ = {
			isa = PBXGroup;
			children = (
				9F9F7EB81A14D2A400169BC0 /* Taskmate_alpha.app */,
				9F9F7ECD1A14D2A500169BC0 /* Taskmate_alphaTests.xctest */,
			);
			name = Products;
			sourceTree = "<group>";
		};
		9F9F7EBA1A14D2A400169BC0 /* Taskmate_alpha */ = {
			isa = PBXGroup;
			children = (
				9F9F7EBD1A14D2A400169BC0 /* AppDelegate.swift */,
				9F9F7EBF1A14D2A400169BC0 /* ViewController.swift */,
				9F9F7EC11A14D2A400169BC0 /* Main.storyboard */,
				9F9F7EC41A14D2A400169BC0 /* Images.xcassets */,
				9F9F7EC61A14D2A400169BC0 /* LaunchScreen.xib */,
				9F9F7EBB1A14D2A400169BC0 /* Supporting Files */,
			);
			path = Taskmate_alpha;
			sourceTree = "<group>";
		};
		9F9F7EBB1A14D2A400169BC0 /* Supporting Files */ = {
			isa = PBXGroup;
			children = (
				9F9F7EBC1A14D2A400169BC0 /* Info.plist */,
			);
			name = "Supporting Files";
			sourceTree = "<group>";
		};
		9F9F7ED01A14D2A500169BC0 /* Taskmate_alphaTests */ = {
			isa = PBXGroup;
			children = (
				9F9F7ED31A14D2A500169BC0 /* Taskmate_alphaTests.swift */,
				9F9F7ED11A14D2A500169BC0 /* Supporting Files */,
			);
			path = Taskmate_alphaTests;
			sourceTree = "<group>";
		};
		9F9F7ED11A14D2A500169BC0 /* Supporting Files */ = {
			isa = PBXGroup;
			children = (
				9F9F7ED21A14D2A500169BC0 /* Info.plist */,
			);
			name = "Supporting Files";
			sourceTree = "<group>";
		};
/* End PBXGroup section */

/* Begin PBXNativeTarget section */
		9F9F7EB71A14D2A400169BC0 /* Taskmate_alpha */ = {
			isa = PBXNativeTarget;
			buildConfigurationList = 9F9F7ED71A14D2A500169BC0 /* Build configuration list for PBXNativeTarget "Taskmate_alpha" */;
			buildPhases = (
				9F9F7EB41A14D2A400169BC0 /* Sources */,
				9F9F7EB51A14D2A400169BC0 /* Frameworks */,
				9F9F7EB61A14D2A400169BC0 /* Resources */,
			);
			buildRules = (
			);
			dependencies = (
			);
			name = Taskmate_alpha;
			productName = Taskmate_alpha;
			productReference = 9F9F7EB81A14D2A400169BC0 /* Taskmate_alpha.app */;
			productType = "com.apple.product-type.application";
		};
		9F9F7ECC1A14D2A500169BC0 /* Taskmate_alphaTests */ = {
			isa = PBXNativeTarget;
			buildConfigurationList = 9F9F7EDA1A14D2A500169BC0 /* Build configuration list for PBXNativeTarget "Taskmate_alphaTests" */;
			buildPhases = (
				9F9F7EC91A14D2A500169BC0 /* Sources */,
				9F9F7ECA1A14D2A500169BC0 /* Frameworks */,
				9F9F7ECB1A14D2A500169BC0 /* Resources */,
			);
			buildRules = (
			);
			dependencies = (
				9F9F7ECF1A14D2A500169BC0 /* PBXTargetDependency */,
			);
			name = Taskmate_alphaTests;
			productName = Taskmate_alphaTests;
			productReference = 9F9F7ECD1A14D2A500169BC0 /* Taskmate_alphaTests.xctest */;
			productType = "com.apple.product-type.bundle.unit-test";
		};
/* End PBXNativeTarget section */

/* Begin PBXProject section */
		9F9F7EB01A14D2A400169BC0 /* Project object */ = {
			isa = PBXProject;
			attributes = {
				LastUpgradeCheck = 0610;
				ORGANIZATIONNAME = "Daniel Tse";
				TargetAttributes = {
					9F9F7EB71A14D2A400169BC0 = {
						CreatedOnToolsVersion = 6.1;
					};
					9F9F7ECC1A14D2A500169BC0 = {
						CreatedOnToolsVersion = 6.1;
						TestTargetID = 9F9F7EB71A14D2A400169BC0;
					};
				};
			};
			buildConfigurationList = 9F9F7EB31A14D2A400169BC0 /* Build configuration list for PBXProject "Taskmate_alpha" */;
			compatibilityVersion = "Xcode 3.2";
			developmentRegion = English;
			hasScannedForEncodings = 0;
			knownRegions = (
				en,
				Base,
			);
			mainGroup = 9F9F7EAF1A14D2A400169BC0;
			productRefGroup = 9F9F7EB91A14D2A400169BC0 /* Products */;
			projectDirPath = "";
			projectRoot = "";
			targets = (
				9F9F7EB71A14D2A400169BC0 /* Taskmate_alpha */,
				9F9F7ECC1A14D2A500169BC0 /* Taskmate_alphaTests */,
			);
		};
/* End PBXProject section */

/* Begin PBXResourcesBuildPhase section */
		9F9F7EB61A14D2A400169BC0 /* Resources */ = {
			isa = PBXResourcesBuildPhase;
			buildActionMask = 2147483647;
			files = (
				9F9F7EC31A14D2A400169BC0 /* Main.storyboard in Resources */,
				9F9F7EC81A14D2A400169BC0 /* LaunchScreen.xib in Resources */,
				9F9F7EC51A14D2A400169BC0 /* Images.xcassets in Resources */,
			);
			runOnlyForDeploymentPostprocessing = 0;
		};
		9F9F7ECB1A14D2A500169BC0 /* Resources */ = {
			isa = PBXResourcesBuildPhase;
			buildActionMask = 2147483647;
			files = (
			);
			runOnlyForDeploymentPostprocessing = 0;
		};
/* End PBXResourcesBuildPhase section */

/* Begin PBXSourcesBuildPhase section */
		9F9F7EB41A14D2A400169BC0 /* Sources */ = {
			isa = PBXSourcesBuildPhase;
			buildActionMask = 2147483647;
			files = (
				9F9F7EC01A14D2A400169BC0 /* ViewController.swift in Sources */,
				9F9F7EBE1A14D2A400169BC0 /* AppDelegate.swift in Sources */,
			);
			runOnlyForDeploymentPostprocessing = 0;
		};
		9F9F7EC91A14D2A500169BC0 /* Sources */ = {
			isa = PBXSourcesBuildPhase;
			buildActionMask = 2147483647;
			files = (
				9F9F7ED41A14D2A500169BC0 /* Taskmate_alphaTests.swift in Sources */,
			);
			runOnlyForDeploymentPostprocessing = 0;
		};
/* End PBXSourcesBuildPhase section */

/* Begin PBXTargetDependency section */
		9F9F7ECF1A14D2A500169BC0 /* PBXTargetDependency */ = {
			isa = PBXTargetDependency;
			target = 9F9F7EB71A14D2A400169BC0 /* Taskmate_alpha */;
			targetProxy = 9F9F7ECE1A14D2A500169BC0 /* PBXContainerItemProxy */;
		};
/* End PBXTargetDependency section */

/* Begin PBXVariantGroup section */
		9F9F7EC11A14D2A400169BC0 /* Main.storyboard */ = {
			isa = PBXVariantGroup;
			children = (
				9F9F7EC21A14D2A400169BC0 /* Base */,
			);
			name = Main.storyboard;
			sourceTree = "<group>";
		};
		9F9F7EC61A14D2A400169BC0 /* LaunchScreen.xib */ = {
			isa = PBXVariantGroup;
			children = (
				9F9F7EC71A14D2A400169BC0 /* Base */,
			);
			name = LaunchScreen.xib;
			sourceTree = "<group>";
		};
/* End PBXVariantGroup section */

/* Begin XCBuildConfiguration section */
		9F9F7ED51A14D2A500169BC0 /* Debug */ = {
			isa = XCBuildConfiguration;
			buildSettings = {
				ALWAYS_SEARCH_USER_PATHS = NO;
				CLANG_CXX_LANGUAGE_STANDARD = "gnu++0x";
				CLANG_CXX_LIBRARY = "libc++";
				CLANG_ENABLE_MODULES = YES;
				CLANG_ENABLE_OBJC_ARC = YES;
				CLANG_WARN_BOOL_CONVERSION = YES;
				CLANG_WARN_CONSTANT_CONVERSION = YES;
				CLANG_WARN_DIRECT_OBJC_ISA_USAGE = YES_ERROR;
				CLANG_WARN_EMPTY_BODY = YES;
				CLANG_WARN_ENUM_CONVERSION = YES;
				CLANG_WARN_INT_CONVERSION = YES;
				CLANG_WARN_OBJC_ROOT_CLASS = YES_ERROR;
				CLANG_WARN_UNREACHABLE_CODE = YES;
				CLANG_WARN__DUPLICATE_METHOD_MATCH = YES;
				"CODE_SIGN_IDENTITY[sdk=iphoneos*]" = "iPhone Developer";
				COPY_PHASE_STRIP = NO;
				ENABLE_STRICT_OBJC_MSGSEND = YES;
				GCC_C_LANGUAGE_STANDARD = gnu99;
				GCC_DYNAMIC_NO_PIC = NO;
				GCC_OPTIMIZATION_LEVEL = 0;
				GCC_PREPROCESSOR_DEFINITIONS = (
					"DEBUG=1",
					"$(inherited)",
				);
				GCC_SYMBOLS_PRIVATE_EXTERN = NO;
				GCC_WARN_64_TO_32_BIT_CONVERSION = YES;
				GCC_WARN_ABOUT_RETURN_TYPE = YES_ERROR;
				GCC_WARN_UNDECLARED_SELECTOR = YES;
				GCC_WARN_UNINITIALIZED_AUTOS = YES_AGGRESSIVE;
				GCC_WARN_UNUSED_FUNCTION = YES;
				GCC_WARN_UNUSED_VARIABLE = YES;
				IPHONEOS_DEPLOYMENT_TARGET = 8.1;
				MTL_ENABLE_DEBUG_INFO = YES;
				ONLY_ACTIVE_ARCH = YES;
				SDKROOT = iphoneos;
				SWIFT_OPTIMIZATION_LEVEL = "-Onone";
			};
			name = Debug;
		};
		9F9F7ED61A14D2A500169BC0 /* Release */ = {
			isa = XCBuildConfiguration;
			buildSettings = {
				ALWAYS_SEARCH_USER_PATHS = NO;
				CLANG_CXX_LANGUAGE_STANDARD = "gnu++0x";
				CLANG_CXX_LIBRARY = "libc++";
				CLANG_ENABLE_MODULES = YES;
				CLANG_ENABLE_OBJC_ARC = YES;
				CLANG_WARN_BOOL_CONVERSION = YES;
				CLANG_WARN_CONSTANT_CONVERSION = YES;
				CLANG_WARN_DIRECT_OBJC_ISA_USAGE = YES_ERROR;
				CLANG_WARN_EMPTY_BODY = YES;
				CLANG_WARN_ENUM_CONVERSION = YES;
				CLANG_WARN_INT_CONVERSION = YES;
				CLANG_WARN_OBJC_ROOT_CLASS = YES_ERROR;
				CLANG_WARN_UNREACHABLE_CODE = YES;
				CLANG_WARN__DUPLICATE_METHOD_MATCH = YES;
				"CODE_SIGN_IDENTITY[sdk=iphoneos*]" = "iPhone Developer";
				COPY_PHASE_STRIP = YES;
				ENABLE_NS_ASSERTIONS = NO;
				ENABLE_STRICT_OBJC_MSGSEND = YES;
				GCC_C_LANGUAGE_STANDARD = gnu99;
				GCC_WARN_64_TO_32_BIT_CONVERSION = YES;
				GCC_WARN_ABOUT_RETURN_TYPE = YES_ERROR;
				GCC_WARN_UNDECLARED_SELECTOR = YES;
				GCC_WARN_UNINITIALIZED_AUTOS = YES_AGGRESSIVE;
				GCC_WARN_UNUSED_FUNCTION = YES;
				GCC_WARN_UNUSED_VARIABLE = YES;
				IPHONEOS_DEPLOYMENT_TARGET = 8.1;
				MTL_ENABLE_DEBUG_INFO = NO;
				SDKROOT = iphoneos;
				VALIDATE_PRODUCT = YES;
			};
			name = Release;
		};
		9F9F7ED81A14D2A500169BC0 /* Debug */ = {
			isa = XCBuildConfiguration;
			buildSettings = {
				ASSETCATALOG_COMPILER_APPICON_NAME = AppIcon;
				INFOPLIST_FILE = Taskmate_alpha/Info.plist;
				LD_RUNPATH_SEARCH_PATHS = "$(inherited) @executable_path/Frameworks";
				PRODUCT_NAME = "$(TARGET_NAME)";
			};
			name = Debug;
		};
		9F9F7ED91A14D2A500169BC0 /* Release */ = {
			isa = XCBuildConfiguration;
			buildSettings = {
				ASSETCATALOG_COMPILER_APPICON_NAME = AppIcon;
				INFOPLIST_FILE = Taskmate_alpha/Info.plist;
				LD_RUNPATH_SEARCH_PATHS = "$(inherited) @executable_path/Frameworks";
				PRODUCT_NAME = "$(TARGET_NAME)";
			};
			name = Release;
		};
		9F9F7EDB1A14D2A500169BC0 /* Debug */ = {
			isa = XCBuildConfiguration;
			buildSettings = {
				BUNDLE_LOADER = "$(TEST_HOST)";
				FRAMEWORK_SEARCH_PATHS = (
					"$(SDKROOT)/Developer/Library/Frameworks",
					"$(inherited)",
				);
				GCC_PREPROCESSOR_DEFINITIONS = (
					"DEBUG=1",
					"$(inherited)",
				);
				INFOPLIST_FILE = Taskmate_alphaTests/Info.plist;
				LD_RUNPATH_SEARCH_PATHS = "$(inherited) @executable_path/Frameworks @loader_path/Frameworks";
				PRODUCT_NAME = "$(TARGET_NAME)";
				TEST_HOST = "$(BUILT_PRODUCTS_DIR)/Taskmate_alpha.app/Taskmate_alpha";
			};
			name = Debug;
		};
		9F9F7EDC1A14D2A500169BC0 /* Release */ = {
			isa = XCBuildConfiguration;
			buildSettings = {
				BUNDLE_LOADER = "$(TEST_HOST)";
				FRAMEWORK_SEARCH_PATHS = (
					"$(SDKROOT)/Developer/Library/Frameworks",
					"$(inherited)",
				);
				INFOPLIST_FILE = Taskmate_alphaTests/Info.plist;
				LD_RUNPATH_SEARCH_PATHS = "$(inherited) @executable_path/Frameworks @loader_path/Frameworks";
				PRODUCT_NAME = "$(TARGET_NAME)";
				TEST_HOST = "$(BUILT_PRODUCTS_DIR)/Taskmate_alpha.app/Taskmate_alpha";
			};
			name = Release;
		};
/* End XCBuildConfiguration section */

/* Begin XCConfigurationList section */
		9F9F7EB31A14D2A400169BC0 /* Build configuration list for PBXProject "Taskmate_alpha" */ = {
			isa = XCConfigurationList;
			buildConfigurations = (
				9F9F7ED51A14D2A500169BC0 /* Debug */,
				9F9F7ED61A14D2A500169BC0 /* Release */,
			);
			defaultConfigurationIsVisible = 0;
			defaultConfigurationName = Release;
		};
		9F9F7ED71A14D2A500169BC0 /* Build configuration list for PBXNativeTarget "Taskmate_alpha" */ = {
			isa = XCConfigurationList;
			buildConfigurations = (
				9F9F7ED81A14D2A500169BC0 /* Debug */,
				9F9F7ED91A14D2A500169BC0 /* Release */,
			);
			defaultConfigurationIsVisible = 0;
		};
		9F9F7EDA1A14D2A500169BC0 /* Build configuration list for PBXNativeTarget "Taskmate_alphaTests" */ = {
			isa = XCConfigurationList;
			buildConfigurations = (
				9F9F7EDB1A14D2A500169BC0 /* Debug */,
				9F9F7EDC1A14D2A500169BC0 /* Release */,
			);
			defaultConfigurationIsVisible = 0;
		};
/* End XCConfigurationList section */
	};
	rootObject = 9F9F7EB01A14D2A400169BC0 /* Project object */;
}
